
Microsoft Visual Studio Solution File, Format Version 12.00
# Visual Studio Version 17
VisualStudioVersion = 17.0.31912.275
MinimumVisualStudioVersion = 10.0.40219.1
Project("{FAE04EC0-301F-11D3-BF4B-00C04F79EFBC}") = "XCalendar", "XCalendar\XCalendar.csproj", "{66314012-EA29-462B-A79E-F524407F7C18}"
EndProject
Project("{FAE04EC0-301F-11D3-BF4B-00C04F79EFBC}") = "XCalendarSample.Android", "XCalendarSample\XCalendarSample.Android\XCalendarSample.Android.csproj", "{AD2173C3-7624-4EBE-A24F-C65E6CEEC468}"
EndProject
Project("{FAE04EC0-301F-11D3-BF4B-00C04F79EFBC}") = "XCalendarSample.iOS", "XCalendarSample\XCalendarSample.iOS\XCalendarSample.iOS.csproj", "{85D8AB80-FF6C-4DD0-AC10-E22EAAF956A9}"
EndProject
Project("{FAE04EC0-301F-11D3-BF4B-00C04F79EFBC}") = "XCalendarSample", "XCalendarSample\XCalendarSample\XCalendarSample.csproj", "{BCA5C79C-718F-4B7A-A936-8D020D3B6FCB}"
EndProject
Global
	GlobalSection(SolutionConfigurationPlatforms) = preSolution
		Debug|Any CPU = Debug|Any CPU
		Debug|iPhone = Debug|iPhone
		Debug|iPhoneSimulator = Debug|iPhoneSimulator
		Release|Any CPU = Release|Any CPU
		Release|iPhone = Release|iPhone
		Release|iPhoneSimulator = Release|iPhoneSimulator
	EndGlobalSection
	GlobalSection(ProjectConfigurationPlatforms) = postSolution
		{66314012-EA29-462B-A79E-F524407F7C18}.Debug|Any CPU.ActiveCfg = Debug|Any CPU
		{66314012-EA29-462B-A79E-F524407F7C18}.Debug|Any CPU.Build.0 = Debug|Any CPU
		{66314012-EA29-462B-A79E-F524407F7C18}.Debug|iPhone.ActiveCfg = Debug|Any CPU
		{66314012-EA29-462B-A79E-F524407F7C18}.Debug|iPhone.Build.0 = Debug|Any CPU
		{66314012-EA29-462B-A79E-F524407F7C18}.Debug|iPhoneSimulator.ActiveCfg = Debug|Any CPU
		{66314012-EA29-462B-A79E-F524407F7C18}.Debug|iPhoneSimulator.Build.0 = Debug|Any CPU
		{66314012-EA29-462B-A79E-F524407F7C18}.Release|Any CPU.ActiveCfg = Release|Any CPU
		{66314012-EA29-462B-A79E-F524407F7C18}.Release|Any CPU.Build.0 = Release|Any CPU
		{66314012-EA29-462B-A79E-F524407F7C18}.Release|iPhone.ActiveCfg = Release|Any CPU
		{66314012-EA29-462B-A79E-F524407F7C18}.Release|iPhone.Build.0 = Release|Any CPU
		{66314012-EA29-462B-A79E-F524407F7C18}.Release|iPhoneSimulator.ActiveCfg = Release|Any CPU
		{66314012-EA29-462B-A79E-F524407F7C18}.Release|iPhoneSimulator.Build.0 = Release|Any CPU
		{AD2173C3-7624-4EBE-A24F-C65E6CEEC468}.Debug|Any CPU.ActiveCfg = Debug|Any CPU
		{AD2173C3-7624-4EBE-A24F-C65E6CEEC468}.Debug|Any CPU.Build.0 = Debug|Any CPU
		{AD2173C3-7624-4EBE-A24F-C65E6CEEC468}.Debug|Any CPU.Deploy.0 = Debug|Any CPU
		{AD2173C3-7624-4EBE-A24F-C65E6CEEC468}.Debug|iPhone.ActiveCfg = Debug|Any CPU
		{AD2173C3-7624-4EBE-A24F-C65E6CEEC468}.Debug|iPhone.Build.0 = Debug|Any CPU
		{AD2173C3-7624-4EBE-A24F-C65E6CEEC468}.Debug|iPhone.Deploy.0 = Debug|Any CPU
		{AD2173C3-7624-4EBE-A24F-C65E6CEEC468}.Debug|iPhoneSimulator.ActiveCfg = Debug|Any CPU
		{AD2173C3-7624-4EBE-A24F-C65E6CEEC468}.Debug|iPhoneSimulator.Build.0 = Debug|Any CPU
		{AD2173C3-7624-4EBE-A24F-C65E6CEEC468}.Debug|iPhoneSimulator.Deploy.0 = Debug|Any CPU
		{AD2173C3-7624-4EBE-A24F-C65E6CEEC468}.Release|Any CPU.ActiveCfg = Release|Any CPU
		{AD2173C3-7624-4EBE-A24F-C65E6CEEC468}.Release|Any CPU.Build.0 = Release|Any CPU
		{AD2173C3-7624-4EBE-A24F-C65E6CEEC468}.Release|Any CPU.Deploy.0 = Release|Any CPU
		{AD2173C3-7624-4EBE-A24F-C65E6CEEC468}.Release|iPhone.ActiveCfg = Release|Any CPU
		{AD2173C3-7624-4EBE-A24F-C65E6CEEC468}.Release|iPhone.Build.0 = Release|Any CPU
		{AD2173C3-7624-4EBE-A24F-C65E6CEEC468}.Release|iPhone.Deploy.0 = Release|Any CPU
		{AD2173C3-7624-4EBE-A24F-C65E6CEEC468}.Release|iPhoneSimulator.ActiveCfg = Release|Any CPU
		{AD2173C3-7624-4EBE-A24F-C65E6CEEC468}.Release|iPhoneSimulator.Build.0 = Release|Any CPU
		{AD2173C3-7624-4EBE-A24F-C65E6CEEC468}.Release|iPhoneSimulator.Deploy.0 = Release|Any CPU
		{85D8AB80-FF6C-4DD0-AC10-E22EAAF956A9}.Debug|Any CPU.ActiveCfg = Debug|iPhoneSimulator
		{85D8AB80-FF6C-4DD0-AC10-E22EAAF956A9}.Debug|Any CPU.Build.0 = Debug|iPhoneSimulator
		{85D8AB80-FF6C-4DD0-AC10-E22EAAF956A9}.Debug|iPhone.ActiveCfg = Debug|iPhone
		{85D8AB80-FF6C-4DD0-AC10-E22EAAF956A9}.Debug|iPhone.Build.0 = Debug|iPhone
		{85D8AB80-FF6C-4DD0-AC10-E22EAAF956A9}.Debug|iPhoneSimulator.ActiveCfg = Debug|iPhoneSimulator
		{85D8AB80-FF6C-4DD0-AC10-E22EAAF956A9}.Debug|iPhoneSimulator.Build.0 = Debug|iPhoneSimulator
		{85D8AB80-FF6C-4DD0-AC10-E22EAAF956A9}.Release|Any CPU.ActiveCfg = Release|iPhoneSimulator
		{85D8AB80-FF6C-4DD0-AC10-E22EAAF956A9}.Release|Any CPU.Build.0 = Release|iPhoneSimulator
		{85D8AB80-FF6C-4DD0-AC10-E22EAAF956A9}.Release|iPhone.ActiveCfg = Release|iPhone
		{85D8AB80-FF6C-4DD0-AC10-E22EAAF956A9}.Release|iPhone.Build.0 = Release|iPhone
		{85D8AB80-FF6C-4DD0-AC10-E22EAAF956A9}.Release|iPhoneSimulator.ActiveCfg = Release|iPhoneSimulator
		{85D8AB80-FF6C-4DD0-AC10-E22EAAF956A9}.Release|iPhoneSimulator.Build.0 = Release|iPhoneSimulator
		{BCA5C79C-718F-4B7A-A936-8D020D3B6FCB}.Debug|Any CPU.ActiveCfg = Debug|Any CPU
		{BCA5C79C-718F-4B7A-A936-8D020D3B6FCB}.Debug|Any CPU.Build.0 = Debug|Any CPU
		{BCA5C79C-718F-4B7A-A936-8D020D3B6FCB}.Debug|iPhone.ActiveCfg = Debug|Any CPU
		{BCA5C79C-718F-4B7A-A936-8D020D3B6FCB}.Debug|iPhone.Build.0 = Debug|Any CPU
		{BCA5C79C-718F-4B7A-A936-8D020D3B6FCB}.Debug|iPhoneSimulator.ActiveCfg = Debug|Any CPU
		{BCA5C79C-718F-4B7A-A936-8D020D3B6FCB}.Debug|iPhoneSimulator.Build.0 = Debug|Any CPU
		{BCA5C79C-718F-4B7A-A936-8D020D3B6FCB}.Release|Any CPU.ActiveCfg = Release|Any CPU
		{BCA5C79C-718F-4B7A-A936-8D020D3B6FCB}.Release|Any CPU.Build.0 = Release|Any CPU
		{BCA5C79C-718F-4B7A-A936-8D020D3B6FCB}.Release|iPhone.ActiveCfg = Release|Any CPU
		{BCA5C79C-718F-4B7A-A936-8D020D3B6FCB}.Release|iPhone.Build.0 = Release|Any CPU
		{BCA5C79C-718F-4B7A-A936-8D020D3B6FCB}.Release|iPhoneSimulator.ActiveCfg = Release|Any CPU
		{BCA5C79C-718F-4B7A-A936-8D020D3B6FCB}.Release|iPhoneSimulator.Build.0 = Release|Any CPU
	EndGlobalSection
	GlobalSection(SolutionProperties) = preSolution
		HideSolutionNode = FALSE
	EndGlobalSection
	GlobalSection(ExtensibilityGlobals) = postSolution
		SolutionGuid = {29EB10F1-2C5C-4B28-88AC-3D8EDBAD774F}
	EndGlobalSection
EndGlobal
