
Microsoft Visual Studio Solution File, Format Version 12.00
# Visual Studio Version 17
VisualStudioVersion = 17.0.31912.275
MinimumVisualStudioVersion = 10.0.40219.1
Project("{FAE04EC0-301F-11D3-BF4B-00C04F79EFBC}") = "XCalendarFormsSample.Android", "XCalendarFormsSample\XCalendarFormsSample.Android\XCalendarFormsSample.Android.csproj", "{AD2173C3-7624-4EBE-A24F-C65E6CEEC468}"
EndProject
Project("{FAE04EC0-301F-11D3-BF4B-00C04F79EFBC}") = "XCalendarFormsSample.iOS", "XCalendarFormsSample\XCalendarFormsSample.iOS\XCalendarFormsSample.iOS.csproj", "{85D8AB80-FF6C-4DD0-AC10-E22EAAF956A9}"
EndProject
Project("{9A19103F-16F7-4668-BE54-9A1E7A4F7556}") = "XCalendarFormsSample", "XCalendarFormsSample\XCalendarFormsSample\XCalendarFormsSample.csproj", "{BCA5C79C-718F-4B7A-A936-8D020D3B6FCB}"
EndProject
Project("{9A19103F-16F7-4668-BE54-9A1E7A4F7556}") = "XCalendar.Forms", "XCalendar.Forms\XCalendar.Forms.csproj", "{62B67B03-53AB-4CA3-93BE-0D6BBCDB606E}"
EndProject
Project("{9A19103F-16F7-4668-BE54-9A1E7A4F7556}") = "XCalendar.Core", "XCalendar.Core\XCalendar.Core.csproj", "{10CDB2E2-8C67-4ED2-8368-DEF8720BB29D}"
EndProject
Project("{9A19103F-16F7-4668-BE54-9A1E7A4F7556}") = "XCalendar.Maui", "XCalendar.Maui\XCalendar.Maui.csproj", "{FAC35CFF-E97D-4D1B-9385-A9706675DE4D}"
EndProject
Project("{9A19103F-16F7-4668-BE54-9A1E7A4F7556}") = "XCalendarMauiSample", "XCalendarMauiSample\XCalendarMauiSample.csproj", "{1E020A12-68EB-4C81-AB72-AB72659E6157}"
EndProject
Project("{9A19103F-16F7-4668-BE54-9A1E7A4F7556}") = "XCalendar.Core.Tests", "XCalendar.Core.Tests\XCalendar.Core.Tests.csproj", "{7DA4CC59-EF5C-41C0-9A72-284AC33B94BC}"
EndProject
Project("{9A19103F-16F7-4668-BE54-9A1E7A4F7556}") = "XCalendarConsoleSample", "XCalendarConsoleSample\XCalendarConsoleSample.csproj", "{2D5B227C-E2E4-4725-8A62-F2DDC9EC69F1}"
EndProject
Global
	GlobalSection(SolutionConfigurationPlatforms) = preSolution
		Debug|Any CPU = Debug|Any CPU
		Debug|iPhone = Debug|iPhone
		Debug|iPhoneSimulator = Debug|iPhoneSimulator
		Release|Any CPU = Release|Any CPU
		Release|iPhone = Release|iPhone
		Release|iPhoneSimulator = Release|iPhoneSimulator
	EndGlobalSection
	GlobalSection(ProjectConfigurationPlatforms) = postSolution
		{AD2173C3-7624-4EBE-A24F-C65E6CEEC468}.Debug|Any CPU.ActiveCfg = Debug|Any CPU
		{AD2173C3-7624-4EBE-A24F-C65E6CEEC468}.Debug|Any CPU.Build.0 = Debug|Any CPU
		{AD2173C3-7624-4EBE-A24F-C65E6CEEC468}.Debug|Any CPU.Deploy.0 = Debug|Any CPU
		{AD2173C3-7624-4EBE-A24F-C65E6CEEC468}.Debug|iPhone.ActiveCfg = Debug|Any CPU
		{AD2173C3-7624-4EBE-A24F-C65E6CEEC468}.Debug|iPhone.Build.0 = Debug|Any CPU
		{AD2173C3-7624-4EBE-A24F-C65E6CEEC468}.Debug|iPhone.Deploy.0 = Debug|Any CPU
		{AD2173C3-7624-4EBE-A24F-C65E6CEEC468}.Debug|iPhoneSimulator.ActiveCfg = Debug|Any CPU
		{AD2173C3-7624-4EBE-A24F-C65E6CEEC468}.Debug|iPhoneSimulator.Build.0 = Debug|Any CPU
		{AD2173C3-7624-4EBE-A24F-C65E6CEEC468}.Debug|iPhoneSimulator.Deploy.0 = Debug|Any CPU
		{AD2173C3-7624-4EBE-A24F-C65E6CEEC468}.Release|Any CPU.ActiveCfg = Release|Any CPU
		{AD2173C3-7624-4EBE-A24F-C65E6CEEC468}.Release|Any CPU.Build.0 = Release|Any CPU
		{AD2173C3-7624-4EBE-A24F-C65E6CEEC468}.Release|Any CPU.Deploy.0 = Release|Any CPU
		{AD2173C3-7624-4EBE-A24F-C65E6CEEC468}.Release|iPhone.ActiveCfg = Release|Any CPU
		{AD2173C3-7624-4EBE-A24F-C65E6CEEC468}.Release|iPhone.Build.0 = Release|Any CPU
		{AD2173C3-7624-4EBE-A24F-C65E6CEEC468}.Release|iPhone.Deploy.0 = Release|Any CPU
		{AD2173C3-7624-4EBE-A24F-C65E6CEEC468}.Release|iPhoneSimulator.ActiveCfg = Release|Any CPU
		{AD2173C3-7624-4EBE-A24F-C65E6CEEC468}.Release|iPhoneSimulator.Build.0 = Release|Any CPU
		{AD2173C3-7624-4EBE-A24F-C65E6CEEC468}.Release|iPhoneSimulator.Deploy.0 = Release|Any CPU
		{85D8AB80-FF6C-4DD0-AC10-E22EAAF956A9}.Debug|Any CPU.ActiveCfg = Debug|iPhoneSimulator
		{85D8AB80-FF6C-4DD0-AC10-E22EAAF956A9}.Debug|Any CPU.Build.0 = Debug|iPhoneSimulator
		{85D8AB80-FF6C-4DD0-AC10-E22EAAF956A9}.Debug|iPhone.ActiveCfg = Debug|iPhone
		{85D8AB80-FF6C-4DD0-AC10-E22EAAF956A9}.Debug|iPhone.Build.0 = Debug|iPhone
		{85D8AB80-FF6C-4DD0-AC10-E22EAAF956A9}.Debug|iPhoneSimulator.ActiveCfg = Debug|iPhoneSimulator
		{85D8AB80-FF6C-4DD0-AC10-E22EAAF956A9}.Debug|iPhoneSimulator.Build.0 = Debug|iPhoneSimulator
		{85D8AB80-FF6C-4DD0-AC10-E22EAAF956A9}.Release|Any CPU.ActiveCfg = Release|iPhoneSimulator
		{85D8AB80-FF6C-4DD0-AC10-E22EAAF956A9}.Release|Any CPU.Build.0 = Release|iPhoneSimulator
		{85D8AB80-FF6C-4DD0-AC10-E22EAAF956A9}.Release|iPhone.ActiveCfg = Release|iPhone
		{85D8AB80-FF6C-4DD0-AC10-E22EAAF956A9}.Release|iPhone.Build.0 = Release|iPhone
		{85D8AB80-FF6C-4DD0-AC10-E22EAAF956A9}.Release|iPhoneSimulator.ActiveCfg = Release|iPhoneSimulator
		{85D8AB80-FF6C-4DD0-AC10-E22EAAF956A9}.Release|iPhoneSimulator.Build.0 = Release|iPhoneSimulator
		{BCA5C79C-718F-4B7A-A936-8D020D3B6FCB}.Debug|Any CPU.ActiveCfg = Debug|Any CPU
		{BCA5C79C-718F-4B7A-A936-8D020D3B6FCB}.Debug|Any CPU.Build.0 = Debug|Any CPU
		{BCA5C79C-718F-4B7A-A936-8D020D3B6FCB}.Debug|iPhone.ActiveCfg = Debug|Any CPU
		{BCA5C79C-718F-4B7A-A936-8D020D3B6FCB}.Debug|iPhone.Build.0 = Debug|Any CPU
		{BCA5C79C-718F-4B7A-A936-8D020D3B6FCB}.Debug|iPhoneSimulator.ActiveCfg = Debug|Any CPU
		{BCA5C79C-718F-4B7A-A936-8D020D3B6FCB}.Debug|iPhoneSimulator.Build.0 = Debug|Any CPU
		{BCA5C79C-718F-4B7A-A936-8D020D3B6FCB}.Release|Any CPU.ActiveCfg = Release|Any CPU
		{BCA5C79C-718F-4B7A-A936-8D020D3B6FCB}.Release|Any CPU.Build.0 = Release|Any CPU
		{BCA5C79C-718F-4B7A-A936-8D020D3B6FCB}.Release|iPhone.ActiveCfg = Release|Any CPU
		{BCA5C79C-718F-4B7A-A936-8D020D3B6FCB}.Release|iPhone.Build.0 = Release|Any CPU
		{BCA5C79C-718F-4B7A-A936-8D020D3B6FCB}.Release|iPhoneSimulator.ActiveCfg = Release|Any CPU
		{BCA5C79C-718F-4B7A-A936-8D020D3B6FCB}.Release|iPhoneSimulator.Build.0 = Release|Any CPU
		{62B67B03-53AB-4CA3-93BE-0D6BBCDB606E}.Debug|Any CPU.ActiveCfg = Debug|Any CPU
		{62B67B03-53AB-4CA3-93BE-0D6BBCDB606E}.Debug|Any CPU.Build.0 = Debug|Any CPU
		{62B67B03-53AB-4CA3-93BE-0D6BBCDB606E}.Debug|iPhone.ActiveCfg = Debug|Any CPU
		{62B67B03-53AB-4CA3-93BE-0D6BBCDB606E}.Debug|iPhone.Build.0 = Debug|Any CPU
		{62B67B03-53AB-4CA3-93BE-0D6BBCDB606E}.Debug|iPhoneSimulator.ActiveCfg = Debug|Any CPU
		{62B67B03-53AB-4CA3-93BE-0D6BBCDB606E}.Debug|iPhoneSimulator.Build.0 = Debug|Any CPU
		{62B67B03-53AB-4CA3-93BE-0D6BBCDB606E}.Release|Any CPU.ActiveCfg = Release|Any CPU
		{62B67B03-53AB-4CA3-93BE-0D6BBCDB606E}.Release|Any CPU.Build.0 = Release|Any CPU
		{62B67B03-53AB-4CA3-93BE-0D6BBCDB606E}.Release|iPhone.ActiveCfg = Release|Any CPU
		{62B67B03-53AB-4CA3-93BE-0D6BBCDB606E}.Release|iPhone.Build.0 = Release|Any CPU
		{62B67B03-53AB-4CA3-93BE-0D6BBCDB606E}.Release|iPhoneSimulator.ActiveCfg = Release|Any CPU
		{62B67B03-53AB-4CA3-93BE-0D6BBCDB606E}.Release|iPhoneSimulator.Build.0 = Release|Any CPU
		{10CDB2E2-8C67-4ED2-8368-DEF8720BB29D}.Debug|Any CPU.ActiveCfg = Debug|Any CPU
		{10CDB2E2-8C67-4ED2-8368-DEF8720BB29D}.Debug|Any CPU.Build.0 = Debug|Any CPU
		{10CDB2E2-8C67-4ED2-8368-DEF8720BB29D}.Debug|iPhone.ActiveCfg = Debug|Any CPU
		{10CDB2E2-8C67-4ED2-8368-DEF8720BB29D}.Debug|iPhone.Build.0 = Debug|Any CPU
		{10CDB2E2-8C67-4ED2-8368-DEF8720BB29D}.Debug|iPhoneSimulator.ActiveCfg = Debug|Any CPU
		{10CDB2E2-8C67-4ED2-8368-DEF8720BB29D}.Debug|iPhoneSimulator.Build.0 = Debug|Any CPU
		{10CDB2E2-8C67-4ED2-8368-DEF8720BB29D}.Release|Any CPU.ActiveCfg = Release|Any CPU
		{10CDB2E2-8C67-4ED2-8368-DEF8720BB29D}.Release|Any CPU.Build.0 = Release|Any CPU
		{10CDB2E2-8C67-4ED2-8368-DEF8720BB29D}.Release|iPhone.ActiveCfg = Release|Any CPU
		{10CDB2E2-8C67-4ED2-8368-DEF8720BB29D}.Release|iPhone.Build.0 = Release|Any CPU
		{10CDB2E2-8C67-4ED2-8368-DEF8720BB29D}.Release|iPhoneSimulator.ActiveCfg = Release|Any CPU
		{10CDB2E2-8C67-4ED2-8368-DEF8720BB29D}.Release|iPhoneSimulator.Build.0 = Release|Any CPU
		{FAC35CFF-E97D-4D1B-9385-A9706675DE4D}.Debug|Any CPU.ActiveCfg = Debug|Any CPU
		{FAC35CFF-E97D-4D1B-9385-A9706675DE4D}.Debug|Any CPU.Build.0 = Debug|Any CPU
		{FAC35CFF-E97D-4D1B-9385-A9706675DE4D}.Debug|iPhone.ActiveCfg = Debug|Any CPU
		{FAC35CFF-E97D-4D1B-9385-A9706675DE4D}.Debug|iPhone.Build.0 = Debug|Any CPU
		{FAC35CFF-E97D-4D1B-9385-A9706675DE4D}.Debug|iPhoneSimulator.ActiveCfg = Debug|Any CPU
		{FAC35CFF-E97D-4D1B-9385-A9706675DE4D}.Debug|iPhoneSimulator.Build.0 = Debug|Any CPU
		{FAC35CFF-E97D-4D1B-9385-A9706675DE4D}.Release|Any CPU.ActiveCfg = Release|Any CPU
		{FAC35CFF-E97D-4D1B-9385-A9706675DE4D}.Release|Any CPU.Build.0 = Release|Any CPU
		{FAC35CFF-E97D-4D1B-9385-A9706675DE4D}.Release|iPhone.ActiveCfg = Release|Any CPU
		{FAC35CFF-E97D-4D1B-9385-A9706675DE4D}.Release|iPhone.Build.0 = Release|Any CPU
		{FAC35CFF-E97D-4D1B-9385-A9706675DE4D}.Release|iPhoneSimulator.ActiveCfg = Release|Any CPU
		{FAC35CFF-E97D-4D1B-9385-A9706675DE4D}.Release|iPhoneSimulator.Build.0 = Release|Any CPU
		{1E020A12-68EB-4C81-AB72-AB72659E6157}.Debug|Any CPU.ActiveCfg = Debug|Any CPU
		{1E020A12-68EB-4C81-AB72-AB72659E6157}.Debug|Any CPU.Build.0 = Debug|Any CPU
		{1E020A12-68EB-4C81-AB72-AB72659E6157}.Debug|Any CPU.Deploy.0 = Debug|Any CPU
		{1E020A12-68EB-4C81-AB72-AB72659E6157}.Debug|iPhone.ActiveCfg = Debug|Any CPU
		{1E020A12-68EB-4C81-AB72-AB72659E6157}.Debug|iPhone.Build.0 = Debug|Any CPU
		{1E020A12-68EB-4C81-AB72-AB72659E6157}.Debug|iPhone.Deploy.0 = Debug|Any CPU
		{1E020A12-68EB-4C81-AB72-AB72659E6157}.Debug|iPhoneSimulator.ActiveCfg = Debug|Any CPU
		{1E020A12-68EB-4C81-AB72-AB72659E6157}.Debug|iPhoneSimulator.Build.0 = Debug|Any CPU
		{1E020A12-68EB-4C81-AB72-AB72659E6157}.Debug|iPhoneSimulator.Deploy.0 = Debug|Any CPU
		{1E020A12-68EB-4C81-AB72-AB72659E6157}.Release|Any CPU.ActiveCfg = Release|Any CPU
		{1E020A12-68EB-4C81-AB72-AB72659E6157}.Release|Any CPU.Build.0 = Release|Any CPU
		{1E020A12-68EB-4C81-AB72-AB72659E6157}.Release|Any CPU.Deploy.0 = Release|Any CPU
		{1E020A12-68EB-4C81-AB72-AB72659E6157}.Release|iPhone.ActiveCfg = Release|Any CPU
		{1E020A12-68EB-4C81-AB72-AB72659E6157}.Release|iPhone.Build.0 = Release|Any CPU
		{1E020A12-68EB-4C81-AB72-AB72659E6157}.Release|iPhone.Deploy.0 = Release|Any CPU
		{1E020A12-68EB-4C81-AB72-AB72659E6157}.Release|iPhoneSimulator.ActiveCfg = Release|Any CPU
		{1E020A12-68EB-4C81-AB72-AB72659E6157}.Release|iPhoneSimulator.Build.0 = Release|Any CPU
		{1E020A12-68EB-4C81-AB72-AB72659E6157}.Release|iPhoneSimulator.Deploy.0 = Release|Any CPU
		{7DA4CC59-EF5C-41C0-9A72-284AC33B94BC}.Debug|Any CPU.ActiveCfg = Debug|Any CPU
		{7DA4CC59-EF5C-41C0-9A72-284AC33B94BC}.Debug|Any CPU.Build.0 = Debug|Any CPU
		{7DA4CC59-EF5C-41C0-9A72-284AC33B94BC}.Debug|iPhone.ActiveCfg = Debug|Any CPU
		{7DA4CC59-EF5C-41C0-9A72-284AC33B94BC}.Debug|iPhone.Build.0 = Debug|Any CPU
		{7DA4CC59-EF5C-41C0-9A72-284AC33B94BC}.Debug|iPhoneSimulator.ActiveCfg = Debug|Any CPU
		{7DA4CC59-EF5C-41C0-9A72-284AC33B94BC}.Debug|iPhoneSimulator.Build.0 = Debug|Any CPU
		{7DA4CC59-EF5C-41C0-9A72-284AC33B94BC}.Release|Any CPU.ActiveCfg = Release|Any CPU
		{7DA4CC59-EF5C-41C0-9A72-284AC33B94BC}.Release|Any CPU.Build.0 = Release|Any CPU
		{7DA4CC59-EF5C-41C0-9A72-284AC33B94BC}.Release|iPhone.ActiveCfg = Release|Any CPU
		{7DA4CC59-EF5C-41C0-9A72-284AC33B94BC}.Release|iPhone.Build.0 = Release|Any CPU
		{7DA4CC59-EF5C-41C0-9A72-284AC33B94BC}.Release|iPhoneSimulator.ActiveCfg = Release|Any CPU
		{7DA4CC59-EF5C-41C0-9A72-284AC33B94BC}.Release|iPhoneSimulator.Build.0 = Release|Any CPU
		{2D5B227C-E2E4-4725-8A62-F2DDC9EC69F1}.Debug|Any CPU.ActiveCfg = Debug|Any CPU
		{2D5B227C-E2E4-4725-8A62-F2DDC9EC69F1}.Debug|Any CPU.Build.0 = Debug|Any CPU
		{2D5B227C-E2E4-4725-8A62-F2DDC9EC69F1}.Debug|iPhone.ActiveCfg = Debug|Any CPU
		{2D5B227C-E2E4-4725-8A62-F2DDC9EC69F1}.Debug|iPhone.Build.0 = Debug|Any CPU
		{2D5B227C-E2E4-4725-8A62-F2DDC9EC69F1}.Debug|iPhoneSimulator.ActiveCfg = Debug|Any CPU
		{2D5B227C-E2E4-4725-8A62-F2DDC9EC69F1}.Debug|iPhoneSimulator.Build.0 = Debug|Any CPU
		{2D5B227C-E2E4-4725-8A62-F2DDC9EC69F1}.Release|Any CPU.ActiveCfg = Release|Any CPU
		{2D5B227C-E2E4-4725-8A62-F2DDC9EC69F1}.Release|Any CPU.Build.0 = Release|Any CPU
		{2D5B227C-E2E4-4725-8A62-F2DDC9EC69F1}.Release|iPhone.ActiveCfg = Release|Any CPU
		{2D5B227C-E2E4-4725-8A62-F2DDC9EC69F1}.Release|iPhone.Build.0 = Release|Any CPU
		{2D5B227C-E2E4-4725-8A62-F2DDC9EC69F1}.Release|iPhoneSimulator.ActiveCfg = Release|Any CPU
		{2D5B227C-E2E4-4725-8A62-F2DDC9EC69F1}.Release|iPhoneSimulator.Build.0 = Release|Any CPU
	EndGlobalSection
	GlobalSection(SolutionProperties) = preSolution
		HideSolutionNode = FALSE
	EndGlobalSection
	GlobalSection(ExtensibilityGlobals) = postSolution
		SolutionGuid = {29EB10F1-2C5C-4B28-88AC-3D8EDBAD774F}
	EndGlobalSection
EndGlobal
